{
  "requires": true,
  "lockfileVersion": 1,
  "dependencies": {
    "wiki.js": {
      "version": "1.0.5-rev.1",
      "resolved": "https://registry.npmjs.org/wiki.js/-/wiki.js-1.0.5-rev.1.tgz",
      "integrity": "sha512-WwOA0olBmd1ar4zpF3CpzDmk0sig0K/+YwEsKVeHwErVx58Tgm/VslPI5rxtqQd5hS6cKEnnc8bWkPUzi8PMJQ=="
    }
  }
}
